{
  "name": "@kirkeaton/semantic-release-config",
  "version": "0.0.0-development",
  "lockfileVersion": 3,
  "requires": true,
  "packages": {
    "": {
      "name": "@kirkeaton/semantic-release-config",
      "version": "0.0.0-development",
      "license": "BSD-3-Clause",
      "funding": {
        "url": "https://kirkeaton.ca/sponsor"
      }
    }
  }
}
